// !$*UTF8*$!
{
	archiveVersion = 1;
	classes = {
	};
	objectVersion = 46;
	objects = {

/* Begin PBXBuildFile section */
		0D6010011E9072F800713875 /* main.m in Sources */ = {isa = PBXBuildFile; fileRef = 0D6010001E9072F800713875 /* main.m */; };
/* End PBXBuildFile section */

/* Begin PBXCopyFilesBuildPhase section */
		0D600FFB1E9072F800713875 /* CopyFiles */ = {
			isa = PBXCopyFilesBuildPhase;
			buildActionMask = 2147483647;
			dstPath = /usr/share/man/man1/;
			dstSubfolderSpec = 0;
			files = (
			);
			runOnlyForDeploymentPostprocessing = 1;
		};
/* End PBXCopyFilesBuildPhase section */

/* Begin PBXFileReference section */
		0D600FFD1E9072F800713875 /* subs */ = {isa = PBXFileReference; explicitFileType = "compiled.mach-o.executable"; includeInIndex = 0; path = subs; sourceTree = BUILT_PRODUCTS_DIR; };
		0D6010001E9072F800713875 /* main.m */ = {isa = PBXFileReference; lastKnownFileType = sourcecode.c.objc; path = main.m; sourceTree = "<group>"; };
		0D6010081E90A05C00713875 /* 10. Core Data.srt */ = {isa = PBXFileReference; lastKnownFileType = text; path = "10. Core Data.srt"; sourceTree = "<group>"; };
		0D6010091E90A05C00713875 /* 11. Core Data Demo.srt */ = {isa = PBXFileReference; lastKnownFileType = text; path = "11. Core Data Demo.srt"; sourceTree = "<group>"; };
		0D60100A1E90A05C00713875 /* 4. Views.srt */ = {isa = PBXFileReference; lastKnownFileType = text; path = "4. Views.srt"; sourceTree = "<group>"; };
		0D60100B1E90A05C00713875 /* 5. Gestures and Multiple MVCs.srt */ = {isa = PBXFileReference; lastKnownFileType = text; path = "5. Gestures and Multiple MVCs.srt"; sourceTree = "<group>"; };
		0D60100C1E90A05C00713875 /* 6. Multiple MVCs, View Controller Lifecycle, and Memory Management.srt */ = {isa = PBXFileReference; lastKnownFileType = text; path = "6. Multiple MVCs, View Controller Lifecycle, and Memory Management.srt"; sourceTree = "<group>"; };
		0D60100D1E90A05C00713875 /* 7. Error Handling, Extensions, Protocols, Delegation, and Scroll View.srt */ = {isa = PBXFileReference; lastKnownFileType = text; path = "7. Error Handling, Extensions, Protocols, Delegation, and Scroll View.srt"; sourceTree = "<group>"; };
		0D60100E1E90A05C00713875 /* 8. Multithreading and Text Field.srt */ = {isa = PBXFileReference; lastKnownFileType = text; path = "8. Multithreading and Text Field.srt"; sourceTree = "<group>"; };
		0D60100F1E90A05C00713875 /* 9. Table View.srt */ = {isa = PBXFileReference; lastKnownFileType = text; path = "9. Table View.srt"; sourceTree = "<group>"; };
/* End PBXFileReference section */

/* Begin PBXFrameworksBuildPhase section */
		0D600FFA1E9072F800713875 /* Frameworks */ = {
			isa = PBXFrameworksBuildPhase;
			buildActionMask = 2147483647;
			files = (
			);
			runOnlyForDeploymentPostprocessing = 0;
		};
/* End PBXFrameworksBuildPhase section */

/* Begin PBXGroup section */
		0D600FF41E9072F800713875 = {
			isa = PBXGroup;
			children = (
				0D600FFF1E9072F800713875 /* subs */,
				0D600FFE1E9072F800713875 /* Products */,
				0D6010071E90A05C00713875 /* 2017 */,
			);
			sourceTree = "<group>";
		};
		0D600FFE1E9072F800713875 /* Products */ = {
			isa = PBXGroup;
			children = (
				0D600FFD1E9072F800713875 /* subs */,
			);
			name = Products;
			sourceTree = "<group>";
		};
		0D600FFF1E9072F800713875 /* subs */ = {
			isa = PBXGroup;
			children = (
				0D6010001E9072F800713875 /* main.m */,
			);
			path = subs;
			sourceTree = "<group>";
		};
		0D6010071E90A05C00713875 /* 2017 */ = {
			isa = PBXGroup;
			children = (
				0D6010081E90A05C00713875 /* 10. Core Data.srt */,
				0D6010091E90A05C00713875 /* 11. Core Data Demo.srt */,
				0D60100A1E90A05C00713875 /* 4. Views.srt */,
				0D60100B1E90A05C00713875 /* 5. Gestures and Multiple MVCs.srt */,
				0D60100C1E90A05C00713875 /* 6. Multiple MVCs, View Controller Lifecycle, and Memory Management.srt */,
				0D60100D1E90A05C00713875 /* 7. Error Handling, Extensions, Protocols, Delegation, and Scroll View.srt */,
				0D60100E1E90A05C00713875 /* 8. Multithreading and Text Field.srt */,
				0D60100F1E90A05C00713875 /* 9. Table View.srt */,
			);
			name = 2017;
			path = ../2017;
			sourceTree = "<group>";
		};
/* End PBXGroup section */

/* Begin PBXNativeTarget section */
		0D600FFC1E9072F800713875 /* subs */ = {
			isa = PBXNativeTarget;
			buildConfigurationList = 0D6010041E9072F800713875 /* Build configuration list for PBXNativeTarget "subs" */;
			buildPhases = (
				0D600FF91E9072F800713875 /* Sources */,
				0D600FFA1E9072F800713875 /* Frameworks */,
				0D600FFB1E9072F800713875 /* CopyFiles */,
			);
			buildRules = (
			);
			dependencies = (
			);
			name = subs;
			productName = subs;
			productReference = 0D600FFD1E9072F800713875 /* subs */;
			productType = "com.apple.product-type.tool";
		};
/* End PBXNativeTarget section */

/* Begin PBXProject section */
		0D600FF51E9072F800713875 /* Project object */ = {
			isa = PBXProject;
			attributes = {
				LastUpgradeCheck = 0820;
				ORGANIZATIONNAME = Sixlivesleft;
				TargetAttributes = {
					0D600FFC1E9072F800713875 = {
						CreatedOnToolsVersion = 8.2.1;
						DevelopmentTeam = 4MWX6CJSX5;
						ProvisioningStyle = Automatic;
					};
				};
			};
			buildConfigurationList = 0D600FF81E9072F800713875 /* Build configuration list for PBXProject "subs" */;
			compatibilityVersion = "Xcode 3.2";
			developmentRegion = English;
			hasScannedForEncodings = 0;
			knownRegions = (
				en,
			);
			mainGroup = 0D600FF41E9072F800713875;
			productRefGroup = 0D600FFE1E9072F800713875 /* Products */;
			projectDirPath = "";
			projectRoot = "";
			targets = (
				0D600FFC1E9072F800713875 /* subs */,
			);
		};
/* End PBXProject section */

/* Begin PBXSourcesBuildPhase section */
		0D600FF91E9072F800713875 /* Sources */ = {
			isa = PBXSourcesBuildPhase;
			buildActionMask = 2147483647;
			files = (
				0D6010011E9072F800713875 /* main.m in Sources */,
			);
			runOnlyForDeploymentPostprocessing = 0;
		};
/* End PBXSourcesBuildPhase section */

/* Begin XCBuildConfiguration section */
		0D6010021E9072F800713875 /* Debug */ = {
			isa = XCBuildConfiguration;
			buildSettings = {
				ALWAYS_SEARCH_USER_PATHS = NO;
				CLANG_ANALYZER_NONNULL = YES;
				CLANG_CXX_LANGUAGE_STANDARD = "gnu++0x";
				CLANG_CXX_LIBRARY = "libc++";
				CLANG_ENABLE_MODULES = YES;
				CLANG_ENABLE_OBJC_ARC = YES;
				CLANG_WARN_BOOL_CONVERSION = YES;
				CLANG_WARN_CONSTANT_CONVERSION = YES;
				CLANG_WARN_DIRECT_OBJC_ISA_USAGE = YES_ERROR;
				CLANG_WARN_DOCUMENTATION_COMMENTS = YES;
				CLANG_WARN_EMPTY_BODY = YES;
				CLANG_WARN_ENUM_CONVERSION = YES;
				CLANG_WARN_INFINITE_RECURSION = YES;
				CLANG_WARN_INT_CONVERSION = YES;
				CLANG_WARN_OBJC_ROOT_CLASS = YES_ERROR;
				CLANG_WARN_SUSPICIOUS_MOVE = YES;
				CLANG_WARN_UNREACHABLE_CODE = YES;
				CLANG_WARN__DUPLICATE_METHOD_MATCH = YES;
				CODE_SIGN_IDENTITY = "-";
				COPY_PHASE_STRIP = NO;
				DEBUG_INFORMATION_FORMAT = dwarf;
				ENABLE_STRICT_OBJC_MSGSEND = YES;
				ENABLE_TESTABILITY = YES;
				GCC_C_LANGUAGE_STANDARD = gnu99;
				GCC_DYNAMIC_NO_PIC = NO;
				GCC_NO_COMMON_BLOCKS = YES;
				GCC_OPTIMIZATION_LEVEL = 0;
				GCC_PREPROCESSOR_DEFINITIONS = (
					"DEBUG=1",
					"$(inherited)",
				);
				GCC_WARN_64_TO_32_BIT_CONVERSION = YES;
				GCC_WARN_ABOUT_RETURN_TYPE = YES_ERROR;
				GCC_WARN_UNDECLARED_SELECTOR = YES;
				GCC_WARN_UNINITIALIZED_AUTOS = YES_AGGRESSIVE;
				GCC_WARN_UNUSED_FUNCTION = YES;
				GCC_WARN_UNUSED_VARIABLE = YES;
				MACOSX_DEPLOYMENT_TARGET = 10.11;
				MTL_ENABLE_DEBUG_INFO = YES;
				ONLY_ACTIVE_ARCH = YES;
				SDKROOT = macosx;
			};
			name = Debug;
		};
		0D6010031E9072F800713875 /* Release */ = {
			isa = XCBuildConfiguration;
			buildSettings = {
				ALWAYS_SEARCH_USER_PATHS = NO;
				CLANG_ANALYZER_NONNULL = YES;
				CLANG_CXX_LANGUAGE_STANDARD = "gnu++0x";
				CLANG_CXX_LIBRARY = "libc++";
				CLANG_ENABLE_MODULES = YES;
				CLANG_ENABLE_OBJC_ARC = YES;
				CLANG_WARN_BOOL_CONVERSION = YES;
				CLANG_WARN_CONSTANT_CONVERSION = YES;
				CLANG_WARN_DIRECT_OBJC_ISA_USAGE = YES_ERROR;
				CLANG_WARN_DOCUMENTATION_COMMENTS = YES;
				CLANG_WARN_EMPTY_BODY = YES;
				CLANG_WARN_ENUM_CONVERSION = YES;
				CLANG_WARN_INFINITE_RECURSION = YES;
				CLANG_WARN_INT_CONVERSION = YES;
				CLANG_WARN_OBJC_ROOT_CLASS = YES_ERROR;
				CLANG_WARN_SUSPICIOUS_MOVE = YES;
				CLANG_WARN_UNREACHABLE_CODE = YES;
				CLANG_WARN__DUPLICATE_METHOD_MATCH = YES;
				CODE_SIGN_IDENTITY = "-";
				COPY_PHASE_STRIP = NO;
				DEBUG_INFORMATION_FORMAT = "dwarf-with-dsym";
				ENABLE_NS_ASSERTIONS = NO;
				ENABLE_STRICT_OBJC_MSGSEND = YES;
				GCC_C_LANGUAGE_STANDARD = gnu99;
				GCC_NO_COMMON_BLOCKS = YES;
				GCC_WARN_64_TO_32_BIT_CONVERSION = YES;
				GCC_WARN_ABOUT_RETURN_TYPE = YES_ERROR;
				GCC_WARN_UNDECLARED_SELECTOR = YES;
				GCC_WARN_UNINITIALIZED_AUTOS = YES_AGGRESSIVE;
				GCC_WARN_UNUSED_FUNCTION = YES;
				GCC_WARN_UNUSED_VARIABLE = YES;
				MACOSX_DEPLOYMENT_TARGET = 10.11;
				MTL_ENABLE_DEBUG_INFO = NO;
				SDKROOT = macosx;
			};
			name = Release;
		};
		0D6010051E9072F800713875 /* Debug */ = {
			isa = XCBuildConfiguration;
			buildSettings = {
				DEVELOPMENT_TEAM = 4MWX6CJSX5;
				PRODUCT_NAME = "$(TARGET_NAME)";
			};
			name = Debug;
		};
		0D6010061E9072F800713875 /* Release */ = {
			isa = XCBuildConfiguration;
			buildSettings = {
				DEVELOPMENT_TEAM = 4MWX6CJSX5;
				PRODUCT_NAME = "$(TARGET_NAME)";
			};
			name = Release;
		};
/* End XCBuildConfiguration section */

/* Begin XCConfigurationList section */
		0D600FF81E9072F800713875 /* Build configuration list for PBXProject "subs" */ = {
			isa = XCConfigurationList;
			buildConfigurations = (
				0D6010021E9072F800713875 /* Debug */,
				0D6010031E9072F800713875 /* Release */,
			);
			defaultConfigurationIsVisible = 0;
			defaultConfigurationName = Release;
		};
		0D6010041E9072F800713875 /* Build configuration list for PBXNativeTarget "subs" */ = {
			isa = XCConfigurationList;
			buildConfigurations = (
				0D6010051E9072F800713875 /* Debug */,
				0D6010061E9072F800713875 /* Release */,
			);
			defaultConfigurationIsVisible = 0;
			defaultConfigurationName = Release;
		};
/* End XCConfigurationList section */
	};
	rootObject = 0D600FF51E9072F800713875 /* Project object */;
}
